
Microsoft Visual Studio Solution File, Format Version 12.00
# Visual Studio 15
VisualStudioVersion = 15.0.27703.2047
MinimumVisualStudioVersion = 10.0.40219.1
Project("{FAE04EC0-301F-11D3-BF4B-00C04F79EFBC}") = "test", "test\test.csproj", "{C719BBC2-FF7A-470B-9F0E-A3C4CB4FC7B3}"
EndProject
Project("{FAE04EC0-301F-11D3-BF4B-00C04F79EFBC}") = "Entidades", "Entidadess\Entidades.csproj", "{DD9BD5D0-A83E-4AF5-94FD-001F30BFE21A}"
EndProject
Global
	GlobalSection(SolutionConfigurationPlatforms) = preSolution
		Debug|Any CPU = Debug|Any CPU
		Release|Any CPU = Release|Any CPU
	EndGlobalSection
	GlobalSection(ProjectConfigurationPlatforms) = postSolution
		{C719BBC2-FF7A-470B-9F0E-A3C4CB4FC7B3}.Debug|Any CPU.ActiveCfg = Debug|Any CPU
		{C719BBC2-FF7A-470B-9F0E-A3C4CB4FC7B3}.Debug|Any CPU.Build.0 = Debug|Any CPU
		{C719BBC2-FF7A-470B-9F0E-A3C4CB4FC7B3}.Release|Any CPU.ActiveCfg = Release|Any CPU
		{C719BBC2-FF7A-470B-9F0E-A3C4CB4FC7B3}.Release|Any CPU.Build.0 = Release|Any CPU
		{DD9BD5D0-A83E-4AF5-94FD-001F30BFE21A}.Debug|Any CPU.ActiveCfg = Debug|Any CPU
		{DD9BD5D0-A83E-4AF5-94FD-001F30BFE21A}.Debug|Any CPU.Build.0 = Debug|Any CPU
		{DD9BD5D0-A83E-4AF5-94FD-001F30BFE21A}.Release|Any CPU.ActiveCfg = Release|Any CPU
		{DD9BD5D0-A83E-4AF5-94FD-001F30BFE21A}.Release|Any CPU.Build.0 = Release|Any CPU
	EndGlobalSection
	GlobalSection(SolutionProperties) = preSolution
		HideSolutionNode = FALSE
	EndGlobalSection
	GlobalSection(ExtensibilityGlobals) = postSolution
		SolutionGuid = {CAC35E5C-9A7A-4112-ACAC-FD16E3BD713F}
	EndGlobalSection
EndGlobal
